// !$*UTF8*$!
{
	archiveVersion = 1;
	classes = {
	};
	objectVersion = 50;
	objects = {

/* Begin PBXBuildFile section */
		309CD0F324BC7CEB00C27E38 /* VirusLogoGradient.swift in Sources */ = {isa = PBXBuildFile; fileRef = 309CD0F224BC7CEB00C27E38 /* VirusLogoGradient.swift */; };
		309CD0F524BCA2D900C27E38 /* ContentView.swift in Sources */ = {isa = PBXBuildFile; fileRef = 309CD0F424BCA2D900C27E38 /* ContentView.swift */; };
		30F4432324B6FFEC0049E8DC /* AppDelegate.swift in Sources */ = {isa = PBXBuildFile; fileRef = 30F4432224B6FFEC0049E8DC /* AppDelegate.swift */; };
		30F4432524B6FFEC0049E8DC /* SceneDelegate.swift in Sources */ = {isa = PBXBuildFile; fileRef = 30F4432424B6FFEC0049E8DC /* SceneDelegate.swift */; };
		30F4432724B6FFEC0049E8DC /* CwaLogoView.swift in Sources */ = {isa = PBXBuildFile; fileRef = 30F4432624B6FFEC0049E8DC /* CwaLogoView.swift */; };
		30F4432924B6FFEF0049E8DC /* Assets.xcassets in Resources */ = {isa = PBXBuildFile; fileRef = 30F4432824B6FFEF0049E8DC /* Assets.xcassets */; };
		30F4432C24B6FFEF0049E8DC /* Preview Assets.xcassets in Resources */ = {isa = PBXBuildFile; fileRef = 30F4432B24B6FFEF0049E8DC /* Preview Assets.xcassets */; };
		30F4432F24B6FFEF0049E8DC /* LaunchScreen.storyboard in Resources */ = {isa = PBXBuildFile; fileRef = 30F4432D24B6FFEF0049E8DC /* LaunchScreen.storyboard */; };
/* End PBXBuildFile section */

/* Begin PBXFileReference section */
		309CD0F224BC7CEB00C27E38 /* VirusLogoGradient.swift */ = {isa = PBXFileReference; lastKnownFileType = sourcecode.swift; path = VirusLogoGradient.swift; sourceTree = "<group>"; };
		309CD0F424BCA2D900C27E38 /* ContentView.swift */ = {isa = PBXFileReference; lastKnownFileType = sourcecode.swift; path = ContentView.swift; sourceTree = "<group>"; };
		30F4431F24B6FFEC0049E8DC /* cwa-logo-swiftui.app */ = {isa = PBXFileReference; explicitFileType = wrapper.application; includeInIndex = 0; path = "cwa-logo-swiftui.app"; sourceTree = BUILT_PRODUCTS_DIR; };
		30F4432224B6FFEC0049E8DC /* AppDelegate.swift */ = {isa = PBXFileReference; lastKnownFileType = sourcecode.swift; path = AppDelegate.swift; sourceTree = "<group>"; };
		30F4432424B6FFEC0049E8DC /* SceneDelegate.swift */ = {isa = PBXFileReference; lastKnownFileType = sourcecode.swift; path = SceneDelegate.swift; sourceTree = "<group>"; };
		30F4432624B6FFEC0049E8DC /* CwaLogoView.swift */ = {isa = PBXFileReference; lastKnownFileType = sourcecode.swift; path = CwaLogoView.swift; sourceTree = "<group>"; };
		30F4432824B6FFEF0049E8DC /* Assets.xcassets */ = {isa = PBXFileReference; lastKnownFileType = folder.assetcatalog; path = Assets.xcassets; sourceTree = "<group>"; };
		30F4432B24B6FFEF0049E8DC /* Preview Assets.xcassets */ = {isa = PBXFileReference; lastKnownFileType = folder.assetcatalog; path = "Preview Assets.xcassets"; sourceTree = "<group>"; };
		30F4432E24B6FFEF0049E8DC /* Base */ = {isa = PBXFileReference; lastKnownFileType = file.storyboard; name = Base; path = Base.lproj/LaunchScreen.storyboard; sourceTree = "<group>"; };
		30F4433024B6FFEF0049E8DC /* Info.plist */ = {isa = PBXFileReference; lastKnownFileType = text.plist.xml; path = Info.plist; sourceTree = "<group>"; };
/* End PBXFileReference section */

/* Begin PBXFrameworksBuildPhase section */
		30F4431C24B6FFEC0049E8DC /* Frameworks */ = {
			isa = PBXFrameworksBuildPhase;
			buildActionMask = 2147483647;
			files = (
			);
			runOnlyForDeploymentPostprocessing = 0;
		};
/* End PBXFrameworksBuildPhase section */

/* Begin PBXGroup section */
		30F4431624B6FFEB0049E8DC = {
			isa = PBXGroup;
			children = (
				30F4432124B6FFEC0049E8DC /* cwa-logo-swiftui */,
				30F4432024B6FFEC0049E8DC /* Products */,
			);
			sourceTree = "<group>";
		};
		30F4432024B6FFEC0049E8DC /* Products */ = {
			isa = PBXGroup;
			children = (
				30F4431F24B6FFEC0049E8DC /* cwa-logo-swiftui.app */,
			);
			name = Products;
			sourceTree = "<group>";
		};
		30F4432124B6FFEC0049E8DC /* cwa-logo-swiftui */ = {
			isa = PBXGroup;
			children = (
				30F4432224B6FFEC0049E8DC /* AppDelegate.swift */,
				30F4432424B6FFEC0049E8DC /* SceneDelegate.swift */,
				30F4432624B6FFEC0049E8DC /* CwaLogoView.swift */,
				309CD0F424BCA2D900C27E38 /* ContentView.swift */,
				309CD0F224BC7CEB00C27E38 /* VirusLogoGradient.swift */,
				30F4432824B6FFEF0049E8DC /* Assets.xcassets */,
				30F4432D24B6FFEF0049E8DC /* LaunchScreen.storyboard */,
				30F4433024B6FFEF0049E8DC /* Info.plist */,
				30F4432A24B6FFEF0049E8DC /* Preview Content */,
			);
			path = "cwa-logo-swiftui";
			sourceTree = "<group>";
		};
		30F4432A24B6FFEF0049E8DC /* Preview Content */ = {
			isa = PBXGroup;
			children = (
				30F4432B24B6FFEF0049E8DC /* Preview Assets.xcassets */,
			);
			path = "Preview Content";
			sourceTree = "<group>";
		};
/* End PBXGroup section */

/* Begin PBXNativeTarget section */
		30F4431E24B6FFEC0049E8DC /* cwa-logo-swiftui */ = {
			isa = PBXNativeTarget;
			buildConfigurationList = 30F4433324B6FFEF0049E8DC /* Build configuration list for PBXNativeTarget "cwa-logo-swiftui" */;
			buildPhases = (
				30F4431B24B6FFEC0049E8DC /* Sources */,
				30F4431C24B6FFEC0049E8DC /* Frameworks */,
				30F4431D24B6FFEC0049E8DC /* Resources */,
			);
			buildRules = (
			);
			dependencies = (
			);
			name = "cwa-logo-swiftui";
			productName = "cwa-logo-swiftui";
			productReference = 30F4431F24B6FFEC0049E8DC /* cwa-logo-swiftui.app */;
			productType = "com.apple.product-type.application";
		};
/* End PBXNativeTarget section */

/* Begin PBXProject section */
		30F4431724B6FFEB0049E8DC /* Project object */ = {
			isa = PBXProject;
			attributes = {
				LastSwiftUpdateCheck = 1150;
				LastUpgradeCheck = 1150;
				ORGANIZATIONNAME = "Froehlich, Steffen";
				TargetAttributes = {
					30F4431E24B6FFEC0049E8DC = {
						CreatedOnToolsVersion = 11.5;
					};
				};
			};
			buildConfigurationList = 30F4431A24B6FFEB0049E8DC /* Build configuration list for PBXProject "cwa-logo-swiftui" */;
			compatibilityVersion = "Xcode 9.3";
			developmentRegion = en;
			hasScannedForEncodings = 0;
			knownRegions = (
				en,
				Base,
			);
			mainGroup = 30F4431624B6FFEB0049E8DC;
			productRefGroup = 30F4432024B6FFEC0049E8DC /* Products */;
			projectDirPath = "";
			projectRoot = "";
			targets = (
				30F4431E24B6FFEC0049E8DC /* cwa-logo-swiftui */,
			);
		};
/* End PBXProject section */

/* Begin PBXResourcesBuildPhase section */
		30F4431D24B6FFEC0049E8DC /* Resources */ = {
			isa = PBXResourcesBuildPhase;
			buildActionMask = 2147483647;
			files = (
				30F4432F24B6FFEF0049E8DC /* LaunchScreen.storyboard in Resources */,
				30F4432C24B6FFEF0049E8DC /* Preview Assets.xcassets in Resources */,
				30F4432924B6FFEF0049E8DC /* Assets.xcassets in Resources */,
			);
			runOnlyForDeploymentPostprocessing = 0;
		};
/* End PBXResourcesBuildPhase section */

/* Begin PBXSourcesBuildPhase section */
		30F4431B24B6FFEC0049E8DC /* Sources */ = {
			isa = PBXSourcesBuildPhase;
			buildActionMask = 2147483647;
			files = (
				30F4432324B6FFEC0049E8DC /* AppDelegate.swift in Sources */,
				309CD0F524BCA2D900C27E38 /* ContentView.swift in Sources */,
				30F4432524B6FFEC0049E8DC /* SceneDelegate.swift in Sources */,
				309CD0F324BC7CEB00C27E38 /* VirusLogoGradient.swift in Sources */,
				30F4432724B6FFEC0049E8DC /* CwaLogoView.swift in Sources */,
			);
			runOnlyForDeploymentPostprocessing = 0;
		};
/* End PBXSourcesBuildPhase section */

/* Begin PBXVariantGroup section */
		30F4432D24B6FFEF0049E8DC /* LaunchScreen.storyboard */ = {
			isa = PBXVariantGroup;
			children = (
				30F4432E24B6FFEF0049E8DC /* Base */,
			);
			name = LaunchScreen.storyboard;
			sourceTree = "<group>";
		};
/* End PBXVariantGroup section */

/* Begin XCBuildConfiguration section */
		30F4433124B6FFEF0049E8DC /* Debug */ = {
			isa = XCBuildConfiguration;
			buildSettings = {
				ALWAYS_SEARCH_USER_PATHS = NO;
				CLANG_ANALYZER_NONNULL = YES;
				CLANG_ANALYZER_NUMBER_OBJECT_CONVERSION = YES_AGGRESSIVE;
				CLANG_CXX_LANGUAGE_STANDARD = "gnu++14";
				CLANG_CXX_LIBRARY = "libc++";
				CLANG_ENABLE_MODULES = YES;
				CLANG_ENABLE_OBJC_ARC = YES;
				CLANG_ENABLE_OBJC_WEAK = YES;
				CLANG_WARN_BLOCK_CAPTURE_AUTORELEASING = YES;
				CLANG_WARN_BOOL_CONVERSION = YES;
				CLANG_WARN_COMMA = YES;
				CLANG_WARN_CONSTANT_CONVERSION = YES;
				CLANG_WARN_DEPRECATED_OBJC_IMPLEMENTATIONS = YES;
				CLANG_WARN_DIRECT_OBJC_ISA_USAGE = YES_ERROR;
				CLANG_WARN_DOCUMENTATION_COMMENTS = YES;
				CLANG_WARN_EMPTY_BODY = YES;
				CLANG_WARN_ENUM_CONVERSION = YES;
				CLANG_WARN_INFINITE_RECURSION = YES;
				CLANG_WARN_INT_CONVERSION = YES;
				CLANG_WARN_NON_LITERAL_NULL_CONVERSION = YES;
				CLANG_WARN_OBJC_IMPLICIT_RETAIN_SELF = YES;
				CLANG_WARN_OBJC_LITERAL_CONVERSION = YES;
				CLANG_WARN_OBJC_ROOT_CLASS = YES_ERROR;
				CLANG_WARN_RANGE_LOOP_ANALYSIS = YES;
				CLANG_WARN_STRICT_PROTOTYPES = YES;
				CLANG_WARN_SUSPICIOUS_MOVE = YES;
				CLANG_WARN_UNGUARDED_AVAILABILITY = YES_AGGRESSIVE;
				CLANG_WARN_UNREACHABLE_CODE = YES;
				CLANG_WARN__DUPLICATE_METHOD_MATCH = YES;
				COPY_PHASE_STRIP = NO;
				DEBUG_INFORMATION_FORMAT = dwarf;
				ENABLE_STRICT_OBJC_MSGSEND = YES;
				ENABLE_TESTABILITY = YES;
				GCC_C_LANGUAGE_STANDARD = gnu11;
				GCC_DYNAMIC_NO_PIC = NO;
				GCC_NO_COMMON_BLOCKS = YES;
				GCC_OPTIMIZATION_LEVEL = 0;
				GCC_PREPROCESSOR_DEFINITIONS = (
					"DEBUG=1",
					"$(inherited)",
				);
				GCC_WARN_64_TO_32_BIT_CONVERSION = YES;
				GCC_WARN_ABOUT_RETURN_TYPE = YES_ERROR;
				GCC_WARN_UNDECLARED_SELECTOR = YES;
				GCC_WARN_UNINITIALIZED_AUTOS = YES_AGGRESSIVE;
				GCC_WARN_UNUSED_FUNCTION = YES;
				GCC_WARN_UNUSED_VARIABLE = YES;
				IPHONEOS_DEPLOYMENT_TARGET = 13.5;
				MTL_ENABLE_DEBUG_INFO = INCLUDE_SOURCE;
				MTL_FAST_MATH = YES;
				ONLY_ACTIVE_ARCH = YES;
				SDKROOT = iphoneos;
				SWIFT_ACTIVE_COMPILATION_CONDITIONS = DEBUG;
				SWIFT_OPTIMIZATION_LEVEL = "-Onone";
			};
			name = Debug;
		};
		30F4433224B6FFEF0049E8DC /* Release */ = {
			isa = XCBuildConfiguration;
			buildSettings = {
				ALWAYS_SEARCH_USER_PATHS = NO;
				CLANG_ANALYZER_NONNULL = YES;
				CLANG_ANALYZER_NUMBER_OBJECT_CONVERSION = YES_AGGRESSIVE;
				CLANG_CXX_LANGUAGE_STANDARD = "gnu++14";
				CLANG_CXX_LIBRARY = "libc++";
				CLANG_ENABLE_MODULES = YES;
				CLANG_ENABLE_OBJC_ARC = YES;
				CLANG_ENABLE_OBJC_WEAK = YES;
				CLANG_WARN_BLOCK_CAPTURE_AUTORELEASING = YES;
				CLANG_WARN_BOOL_CONVERSION = YES;
				CLANG_WARN_COMMA = YES;
				CLANG_WARN_CONSTANT_CONVERSION = YES;
				CLANG_WARN_DEPRECATED_OBJC_IMPLEMENTATIONS = YES;
				CLANG_WARN_DIRECT_OBJC_ISA_USAGE = YES_ERROR;
				CLANG_WARN_DOCUMENTATION_COMMENTS = YES;
				CLANG_WARN_EMPTY_BODY = YES;
				CLANG_WARN_ENUM_CONVERSION = YES;
				CLANG_WARN_INFINITE_RECURSION = YES;
				CLANG_WARN_INT_CONVERSION = YES;
				CLANG_WARN_NON_LITERAL_NULL_CONVERSION = YES;
				CLANG_WARN_OBJC_IMPLICIT_RETAIN_SELF = YES;
				CLANG_WARN_OBJC_LITERAL_CONVERSION = YES;
				CLANG_WARN_OBJC_ROOT_CLASS = YES_ERROR;
				CLANG_WARN_RANGE_LOOP_ANALYSIS = YES;
				CLANG_WARN_STRICT_PROTOTYPES = YES;
				CLANG_WARN_SUSPICIOUS_MOVE = YES;
				CLANG_WARN_UNGUARDED_AVAILABILITY = YES_AGGRESSIVE;
				CLANG_WARN_UNREACHABLE_CODE = YES;
				CLANG_WARN__DUPLICATE_METHOD_MATCH = YES;
				COPY_PHASE_STRIP = NO;
				DEBUG_INFORMATION_FORMAT = "dwarf-with-dsym";
				ENABLE_NS_ASSERTIONS = NO;
				ENABLE_STRICT_OBJC_MSGSEND = YES;
				GCC_C_LANGUAGE_STANDARD = gnu11;
				GCC_NO_COMMON_BLOCKS = YES;
				GCC_WARN_64_TO_32_BIT_CONVERSION = YES;
				GCC_WARN_ABOUT_RETURN_TYPE = YES_ERROR;
				GCC_WARN_UNDECLARED_SELECTOR = YES;
				GCC_WARN_UNINITIALIZED_AUTOS = YES_AGGRESSIVE;
				GCC_WARN_UNUSED_FUNCTION = YES;
				GCC_WARN_UNUSED_VARIABLE = YES;
				IPHONEOS_DEPLOYMENT_TARGET = 13.5;
				MTL_ENABLE_DEBUG_INFO = NO;
				MTL_FAST_MATH = YES;
				SDKROOT = iphoneos;
				SWIFT_COMPILATION_MODE = wholemodule;
				SWIFT_OPTIMIZATION_LEVEL = "-O";
				VALIDATE_PRODUCT = YES;
			};
			name = Release;
		};
		30F4433424B6FFEF0049E8DC /* Debug */ = {
			isa = XCBuildConfiguration;
			buildSettings = {
				ASSETCATALOG_COMPILER_APPICON_NAME = AppIcon;
				CODE_SIGN_STYLE = Automatic;
				DEVELOPMENT_ASSET_PATHS = "\"cwa-logo-swiftui/Preview Content\"";
				DEVELOPMENT_TEAM = "";
				ENABLE_PREVIEWS = YES;
				INFOPLIST_FILE = "cwa-logo-swiftui/Info.plist";
				LD_RUNPATH_SEARCH_PATHS = (
					"$(inherited)",
					"@executable_path/Frameworks",
				);
				PRODUCT_BUNDLE_IDENTIFIER = "citoki.cwa-logo-swiftui";
				PRODUCT_NAME = "$(TARGET_NAME)";
				SWIFT_VERSION = 5.0;
				TARGETED_DEVICE_FAMILY = "1,2";
			};
			name = Debug;
		};
		30F4433524B6FFEF0049E8DC /* Release */ = {
			isa = XCBuildConfiguration;
			buildSettings = {
				ASSETCATALOG_COMPILER_APPICON_NAME = AppIcon;
				CODE_SIGN_STYLE = Automatic;
				DEVELOPMENT_ASSET_PATHS = "\"cwa-logo-swiftui/Preview Content\"";
				DEVELOPMENT_TEAM = "";
				ENABLE_PREVIEWS = YES;
				INFOPLIST_FILE = "cwa-logo-swiftui/Info.plist";
				LD_RUNPATH_SEARCH_PATHS = (
					"$(inherited)",
					"@executable_path/Frameworks",
				);
				PRODUCT_BUNDLE_IDENTIFIER = "citoki.cwa-logo-swiftui";
				PRODUCT_NAME = "$(TARGET_NAME)";
				SWIFT_VERSION = 5.0;
				TARGETED_DEVICE_FAMILY = "1,2";
			};
			name = Release;
		};
/* End XCBuildConfiguration section */

/* Begin XCConfigurationList section */
		30F4431A24B6FFEB0049E8DC /* Build configuration list for PBXProject "cwa-logo-swiftui" */ = {
			isa = XCConfigurationList;
			buildConfigurations = (
				30F4433124B6FFEF0049E8DC /* Debug */,
				30F4433224B6FFEF0049E8DC /* Release */,
			);
			defaultConfigurationIsVisible = 0;
			defaultConfigurationName = Release;
		};
		30F4433324B6FFEF0049E8DC /* Build configuration list for PBXNativeTarget "cwa-logo-swiftui" */ = {
			isa = XCConfigurationList;
			buildConfigurations = (
				30F4433424B6FFEF0049E8DC /* Debug */,
				30F4433524B6FFEF0049E8DC /* Release */,
			);
			defaultConfigurationIsVisible = 0;
			defaultConfigurationName = Release;
		};
/* End XCConfigurationList section */
	};
	rootObject = 30F4431724B6FFEB0049E8DC /* Project object */;
}
